{
  "nodes": {
    "libplacebo-src": {
      "flake": false,
      "locked": {
        "lastModified": 1783535157,
        "narHash": "sha256-cA8+APhpu3m38z5hs2EhsNlLb/xHAy/Tcxi5loFS6j0=",
        "owner": "haasn",
        "repo": "libplacebo",
        "rev": "a7a18af88ff0a17c04840dcb3246047bb6b46df3",
        "type": "github"
      },
      "original": {
        "owner": "haasn",
        "repo": "libplacebo",
        "rev": "a7a18af88ff0a17c04840dcb3246047bb6b46df3",
        "type": "github"
      }
    },
    "mpv-src": {
      "flake": false,
      "locked": {
        "lastModified": 1786707295,
        "narHash": "sha256-SUdJWfTtxLVj1wNDbmvEntdqregqUG60u7dZlmxZJEA=",
        "ref": "refs/heads/universal",
        "rev": "9c3dcdd5cb2a8d8fd487261d176ff470c1ac90da",
        "revCount": 55458,
        "type": "git",
        "url": "file:./mpv"
      },
      "original": {
        "type": "git",
        "url": "file:./mpv"
      }
    },
    "nixpkgs": {
      "locked": {
        "lastModified": 1784726549,
        "narHash": "sha256-N6qFnWWKaLW437i+qgDgLYzGV9Xzka0rofo6ZO0CHKc=",
        "owner": "NixOS",
        "repo": "nixpkgs",
        "rev": "88cc2017b8412e0b62c0f2d04ae91a5d7e611984",
        "type": "github"
      },
      "original": {
        "owner": "NixOS",
        "repo": "nixpkgs",
        "rev": "88cc2017b8412e0b62c0f2d04ae91a5d7e611984",
        "type": "github"
      }
    },
    "nixpkgs-x86-darwin": {
      "locked": {
        "lastModified": 1786444855,
        "narHash": "sha256-Uu0Qa0gg5Ztgl7EYhAEIDy0jJioPPP43zLqSNoMlAV4=",
        "owner": "NixOS",
        "repo": "nixpkgs",
        "rev": "2e49fce950fece113519c5d75da869601d01550f",
        "type": "github"
      },
      "original": {
        "owner": "NixOS",
        "repo": "nixpkgs",
        "rev": "2e49fce950fece113519c5d75da869601d01550f",
        "type": "github"
      }
    },
    "qcoro-src": {
      "flake": false,
      "locked": {
        "lastModified": 1771018093,
        "narHash": "sha256-+uArJ9wuq/Cu8/P81xktPLAs6GH13RFepqhdqOof0Jo=",
        "owner": "danvratil",
        "repo": "qcoro",
        "rev": "d1b52b5db2ff9560185c39a4ed9f944dc610c235",
        "type": "github"
      },
      "original": {
        "owner": "danvratil",
        "repo": "qcoro",
        "rev": "d1b52b5db2ff9560185c39a4ed9f944dc610c235",
        "type": "github"
      }
    },
    "root": {
      "inputs": {
        "libplacebo-src": "libplacebo-src",
        "mpv-src": "mpv-src",
        "nixpkgs": "nixpkgs",
        "nixpkgs-x86-darwin": "nixpkgs-x86-darwin",
        "qcoro-src": "qcoro-src"
      }
    }
  },
  "root": "root",
  "version": 7
}
