{
  "nodes": {
    "libplacebo-src": {
      "flake": false,
      "locked": {
        "lastModified": 1777455926,
        "narHash": "sha256-7cuIy6Ldbf7XP49HRNOJ5Ur2+aDXGsAGx1KKd71iBEk=",
        "owner": "haasn",
        "repo": "libplacebo",
        "rev": "27aa71a97f4daed84916936572fa6a2e1c3eedb7",
        "type": "github"
      },
      "original": {
        "owner": "haasn",
        "repo": "libplacebo",
        "rev": "27aa71a97f4daed84916936572fa6a2e1c3eedb7",
        "type": "github"
      }
    },
    "mpv-src": {
      "flake": false,
      "locked": {
        "path": "./mpv",
        "type": "path"
      },
      "original": {
        "path": "./mpv",
        "type": "path"
      },
      "parent": []
    },
    "nixpkgs": {
      "locked": {
        "lastModified": 1777578337,
        "narHash": "sha256-Ad49moKWeXtKBJNy2ebiTQUEgdLyvGmTeykAQ9xM+Z4=",
        "owner": "NixOS",
        "repo": "nixpkgs",
        "rev": "15f4ee454b1dce334612fa6843b3e05cf546efab",
        "type": "github"
      },
      "original": {
        "owner": "NixOS",
        "repo": "nixpkgs",
        "rev": "15f4ee454b1dce334612fa6843b3e05cf546efab",
        "type": "github"
      }
    },
    "root": {
      "inputs": {
        "libplacebo-src": "libplacebo-src",
        "mpv-src": "mpv-src",
        "nixpkgs": "nixpkgs"
      }
    }
  },
  "root": "root",
  "version": 7
}
