{
  "nodes": {
    "libplacebo-src": {
      "flake": false,
      "locked": {
        "lastModified": 1777455926,
        "narHash": "sha256-3IiPdVx1/iQNId9cEayk2XGjTGxCKWDi3IiPC05Q37M=",
        "ref": "refs/heads/master",
        "rev": "27aa71a97f4daed84916936572fa6a2e1c3eedb7",
        "revCount": 3837,
        "submodules": true,
        "type": "git",
        "url": "https://github.com/haasn/libplacebo"
      },
      "original": {
        "rev": "27aa71a97f4daed84916936572fa6a2e1c3eedb7",
        "submodules": true,
        "type": "git",
        "url": "https://github.com/haasn/libplacebo"
      }
    },
    "mpv-src": {
      "flake": false,
      "locked": {
        "lastModified": 1780554980,
        "narHash": "sha256-I0b0PPLtIVTrOsBDoYpvpNcHG0nW5ANXNqDtSxNcOkk=",
        "owner": "sachk",
        "repo": "mpv",
        "rev": "c8a35dca3da187bbfffa0c4720087bf17bc2c240",
        "type": "github"
      },
      "original": {
        "owner": "sachk",
        "repo": "mpv",
        "rev": "c8a35dca3da187bbfffa0c4720087bf17bc2c240",
        "type": "github"
      }
    },
    "mpv-webos-src": {
      "flake": false,
      "locked": {
        "lastModified": 1780979268,
        "narHash": "sha256-WP++HYeOzOqE7JaEGDE3THD3+yXt7u+51EgA9DxiWwg=",
        "owner": "sachk",
        "repo": "mpv",
        "rev": "4528e21ae48575d572dda5b7b952eba2ad0c47d9",
        "type": "github"
      },
      "original": {
        "owner": "sachk",
        "repo": "mpv",
        "rev": "4528e21ae48575d572dda5b7b952eba2ad0c47d9",
        "type": "github"
      }
    },
    "nixpkgs": {
      "locked": {
        "lastModified": 1777578337,
        "narHash": "sha256-Ad49moKWeXtKBJNy2ebiTQUEgdLyvGmTeykAQ9xM+Z4=",
        "owner": "NixOS",
        "repo": "nixpkgs",
        "rev": "15f4ee454b1dce334612fa6843b3e05cf546efab",
        "type": "github"
      },
      "original": {
        "owner": "NixOS",
        "repo": "nixpkgs",
        "rev": "15f4ee454b1dce334612fa6843b3e05cf546efab",
        "type": "github"
      }
    },
    "root": {
      "inputs": {
        "libplacebo-src": "libplacebo-src",
        "mpv-src": "mpv-src",
        "mpv-webos-src": "mpv-webos-src",
        "nixpkgs": "nixpkgs"
      }
    }
  },
  "root": "root",
  "version": 7
}
